
Microsoft Visual Studio Solution File, Format Version 12.00
# Visual Studio Version 16
VisualStudioVersion = 16.0.30114.105
MinimumVisualStudioVersion = 10.0.40219.1
Project("{9A19103F-16F7-4668-BE54-9A1E7A4F7556}") = "CpmPedidos.Domain", "CpmPedidos.Domain\CpmPedidos.Domain.csproj", "{C27A7318-9713-4158-8F61-DE99982C3F43}"
EndProject
Project("{9A19103F-16F7-4668-BE54-9A1E7A4F7556}") = "CpmPedidos.Interface", "CpmPedidos.Interface\CpmPedidos.Interface.csproj", "{86BED19A-99AF-4B4B-B641-EC16DBA373C6}"
EndProject
Project("{9A19103F-16F7-4668-BE54-9A1E7A4F7556}") = "CpmPedidos.API", "CpmPedidos.API\CpmPedidos.API.csproj", "{13AB6214-61D4-4857-A9D2-34F906272A45}"
EndProject
Project("{FAE04EC0-301F-11D3-BF4B-00C04F79EFBC}") = "CpmPedidos.Repository", "CpmPedidos.Repository\CpmPedidos.Repository.csproj", "{98A97D1F-A153-494D-A4A7-D2EF0DF665F5}"
EndProject
Global
	GlobalSection(SolutionConfigurationPlatforms) = preSolution
		Debug|Any CPU = Debug|Any CPU
		Release|Any CPU = Release|Any CPU
	EndGlobalSection
	GlobalSection(ProjectConfigurationPlatforms) = postSolution
		{C27A7318-9713-4158-8F61-DE99982C3F43}.Debug|Any CPU.ActiveCfg = Debug|Any CPU
		{C27A7318-9713-4158-8F61-DE99982C3F43}.Debug|Any CPU.Build.0 = Debug|Any CPU
		{C27A7318-9713-4158-8F61-DE99982C3F43}.Release|Any CPU.ActiveCfg = Release|Any CPU
		{C27A7318-9713-4158-8F61-DE99982C3F43}.Release|Any CPU.Build.0 = Release|Any CPU
		{86BED19A-99AF-4B4B-B641-EC16DBA373C6}.Debug|Any CPU.ActiveCfg = Debug|Any CPU
		{86BED19A-99AF-4B4B-B641-EC16DBA373C6}.Debug|Any CPU.Build.0 = Debug|Any CPU
		{86BED19A-99AF-4B4B-B641-EC16DBA373C6}.Release|Any CPU.ActiveCfg = Release|Any CPU
		{86BED19A-99AF-4B4B-B641-EC16DBA373C6}.Release|Any CPU.Build.0 = Release|Any CPU
		{13AB6214-61D4-4857-A9D2-34F906272A45}.Debug|Any CPU.ActiveCfg = Debug|Any CPU
		{13AB6214-61D4-4857-A9D2-34F906272A45}.Debug|Any CPU.Build.0 = Debug|Any CPU
		{13AB6214-61D4-4857-A9D2-34F906272A45}.Release|Any CPU.ActiveCfg = Release|Any CPU
		{13AB6214-61D4-4857-A9D2-34F906272A45}.Release|Any CPU.Build.0 = Release|Any CPU
		{98A97D1F-A153-494D-A4A7-D2EF0DF665F5}.Debug|Any CPU.ActiveCfg = Debug|Any CPU
		{98A97D1F-A153-494D-A4A7-D2EF0DF665F5}.Debug|Any CPU.Build.0 = Debug|Any CPU
		{98A97D1F-A153-494D-A4A7-D2EF0DF665F5}.Release|Any CPU.ActiveCfg = Release|Any CPU
		{98A97D1F-A153-494D-A4A7-D2EF0DF665F5}.Release|Any CPU.Build.0 = Release|Any CPU
	EndGlobalSection
	GlobalSection(SolutionProperties) = preSolution
		HideSolutionNode = FALSE
	EndGlobalSection
	GlobalSection(ExtensibilityGlobals) = postSolution
		SolutionGuid = {51DB26DD-A261-4032-ACE5-40F9EE9AAFD0}
	EndGlobalSection
EndGlobal
